
Microsoft Visual Studio Solution File, Format Version 12.00
# Visual Studio Version 17
VisualStudioVersion = 17.7.34202.233
MinimumVisualStudioVersion = 10.0.40219.1
Project("{FAE04EC0-301F-11D3-BF4B-00C04F79EFBC}") = "TarefasApp.Services", "TarefasApp.Services\TarefasApp.Services.csproj", "{7A32E1DA-C794-49AF-AC86-E2700A25549D}"
EndProject
Global
	GlobalSection(SolutionConfigurationPlatforms) = preSolution
		Debug|Any CPU = Debug|Any CPU
		Release|Any CPU = Release|Any CPU
	EndGlobalSection
	GlobalSection(ProjectConfigurationPlatforms) = postSolution
		{7A32E1DA-C794-49AF-AC86-E2700A25549D}.Debug|Any CPU.ActiveCfg = Debug|Any CPU
		{7A32E1DA-C794-49AF-AC86-E2700A25549D}.Debug|Any CPU.Build.0 = Debug|Any CPU
		{7A32E1DA-C794-49AF-AC86-E2700A25549D}.Release|Any CPU.ActiveCfg = Release|Any CPU
		{7A32E1DA-C794-49AF-AC86-E2700A25549D}.Release|Any CPU.Build.0 = Release|Any CPU
	EndGlobalSection
	GlobalSection(SolutionProperties) = preSolution
		HideSolutionNode = FALSE
	EndGlobalSection
	GlobalSection(ExtensibilityGlobals) = postSolution
		SolutionGuid = {C45768DE-92ED-4DCA-814F-105B742B0162}
	EndGlobalSection
EndGlobal
